
Microsoft Visual Studio Solution File, Format Version 12.00
# Visual Studio 15
VisualStudioVersion = 15.0.27130.2010
MinimumVisualStudioVersion = 10.0.40219.1
Project("{9A19103F-16F7-4668-BE54-9A1E7A4F7556}") = "HowToStorage_FileStorageListBot", "HowToStorage_FileStorageListBot.csproj", "{AAD8FBAE-28A3-4BBF-A6CD-4B17EC271CEB}"
EndProject
Global
	GlobalSection(SolutionConfigurationPlatforms) = preSolution
		Debug|Any CPU = Debug|Any CPU
		Release|Any CPU = Release|Any CPU
	EndGlobalSection
	GlobalSection(ProjectConfigurationPlatforms) = postSolution
		{AAD8FBAE-28A3-4BBF-A6CD-4B17EC271CEB}.Debug|Any CPU.ActiveCfg = Debug|Any CPU
		{AAD8FBAE-28A3-4BBF-A6CD-4B17EC271CEB}.Debug|Any CPU.Build.0 = Debug|Any CPU
		{AAD8FBAE-28A3-4BBF-A6CD-4B17EC271CEB}.Release|Any CPU.ActiveCfg = Release|Any CPU
		{AAD8FBAE-28A3-4BBF-A6CD-4B17EC271CEB}.Release|Any CPU.Build.0 = Release|Any CPU
	EndGlobalSection
	GlobalSection(SolutionProperties) = preSolution
		HideSolutionNode = FALSE
	EndGlobalSection
	GlobalSection(ExtensibilityGlobals) = postSolution
		SolutionGuid = {2EC073E7-EA82-47D4-A957-F38CFB9F251E}
	EndGlobalSection
EndGlobal
