
Microsoft Visual Studio Solution File, Format Version 12.00
# Visual Studio 15
VisualStudioVersion = 15.0.28010.2003
MinimumVisualStudioVersion = 10.0.40219.1
Project("{2150E333-8FDC-42A3-9474-1A3956D46DE8}") = "ignite2018", "ignite2018", "{BDFF9C5E-BE02-446E-AA7C-BC33CB87C108}"
EndProject
Project("{9A19103F-16F7-4668-BE54-9A1E7A4F7556}") = "basicOperations", "basic-operations\basicOperations.csproj", "{E64334A2-EDAA-4D94-97C5-859BCE96CF96}"
EndProject
Global
	GlobalSection(SolutionConfigurationPlatforms) = preSolution
		Debug|Any CPU = Debug|Any CPU
		Release|Any CPU = Release|Any CPU
	EndGlobalSection
	GlobalSection(ProjectConfigurationPlatforms) = postSolution
		{E64334A2-EDAA-4D94-97C5-859BCE96CF96}.Debug|Any CPU.ActiveCfg = Debug|Any CPU
		{E64334A2-EDAA-4D94-97C5-859BCE96CF96}.Debug|Any CPU.Build.0 = Debug|Any CPU
		{E64334A2-EDAA-4D94-97C5-859BCE96CF96}.Release|Any CPU.ActiveCfg = Release|Any CPU
		{E64334A2-EDAA-4D94-97C5-859BCE96CF96}.Release|Any CPU.Build.0 = Release|Any CPU
	EndGlobalSection
	GlobalSection(SolutionProperties) = preSolution
		HideSolutionNode = FALSE
	EndGlobalSection
	GlobalSection(NestedProjects) = preSolution
		{E64334A2-EDAA-4D94-97C5-859BCE96CF96} = {BDFF9C5E-BE02-446E-AA7C-BC33CB87C108}
	EndGlobalSection
	GlobalSection(ExtensibilityGlobals) = postSolution
		SolutionGuid = {526596AC-2EE9-4491-B740-E8A548AB5005}
	EndGlobalSection
EndGlobal
