
Microsoft Visual Studio Solution File, Format Version 12.00
# Visual Studio 15
VisualStudioVersion = 15.0.27130.2027
MinimumVisualStudioVersion = 10.0.40219.1
Project("{FAE04EC0-301F-11D3-BF4B-00C04F79EFBC}") = "ContosoCafeBot", "ContosoCafeBot.csproj", "{76D7F309-B704-4604-A6F0-237A5A7EB6EF}"
EndProject
Global
	GlobalSection(SolutionConfigurationPlatforms) = preSolution
		Debug|Any CPU = Debug|Any CPU
		Release|Any CPU = Release|Any CPU
	EndGlobalSection
	GlobalSection(ProjectConfigurationPlatforms) = postSolution
		{76D7F309-B704-4604-A6F0-237A5A7EB6EF}.Debug|Any CPU.ActiveCfg = Debug|Any CPU
		{76D7F309-B704-4604-A6F0-237A5A7EB6EF}.Debug|Any CPU.Build.0 = Debug|Any CPU
		{76D7F309-B704-4604-A6F0-237A5A7EB6EF}.Release|Any CPU.ActiveCfg = Release|Any CPU
		{76D7F309-B704-4604-A6F0-237A5A7EB6EF}.Release|Any CPU.Build.0 = Release|Any CPU
	EndGlobalSection
	GlobalSection(SolutionProperties) = preSolution
		HideSolutionNode = FALSE
	EndGlobalSection
	GlobalSection(ExtensibilityGlobals) = postSolution
		SolutionGuid = {919A071C-28F5-4B45-847E-F088D3026E01}
	EndGlobalSection
EndGlobal
