
Microsoft Visual Studio Solution File, Format Version 12.00
# Visual Studio 15
VisualStudioVersion = 15.0.27428.2043
MinimumVisualStudioVersion = 10.0.40219.1
Project("{9A19103F-16F7-4668-BE54-9A1E7A4F7556}") = "DialogPromptBot", "DialogPromptBot.csproj", "{A371387A-93C4-40A6-B685-529505CC3302}"
EndProject
Global
	GlobalSection(SolutionConfigurationPlatforms) = preSolution
		Debug|Any CPU = Debug|Any CPU
		Release|Any CPU = Release|Any CPU
	EndGlobalSection
	GlobalSection(ProjectConfigurationPlatforms) = postSolution
		{A371387A-93C4-40A6-B685-529505CC3302}.Debug|Any CPU.ActiveCfg = Debug|Any CPU
		{A371387A-93C4-40A6-B685-529505CC3302}.Debug|Any CPU.Build.0 = Debug|Any CPU
		{A371387A-93C4-40A6-B685-529505CC3302}.Release|Any CPU.ActiveCfg = Release|Any CPU
		{A371387A-93C4-40A6-B685-529505CC3302}.Release|Any CPU.Build.0 = Release|Any CPU
	EndGlobalSection
	GlobalSection(SolutionProperties) = preSolution
		HideSolutionNode = FALSE
	EndGlobalSection
	GlobalSection(ExtensibilityGlobals) = postSolution
		SolutionGuid = {94CCA5A0-EB55-415C-99B8-6BADDE151C63}
	EndGlobalSection
EndGlobal
