
Microsoft Visual Studio Solution File, Format Version 12.00
# Visual Studio 15
VisualStudioVersion = 15.0.27130.2036
MinimumVisualStudioVersion = 10.0.40219.1
Project("{FAE04EC0-301F-11D3-BF4B-00C04F79EFBC}") = "MockChannel", "MockChannel.csproj", "{5BC119EB-69F3-45BE-A394-5AAD86D3D355}"
EndProject
Global
	GlobalSection(SolutionConfigurationPlatforms) = preSolution
		Debug|Any CPU = Debug|Any CPU
		Release|Any CPU = Release|Any CPU
	EndGlobalSection
	GlobalSection(ProjectConfigurationPlatforms) = postSolution
		{5BC119EB-69F3-45BE-A394-5AAD86D3D355}.Debug|Any CPU.ActiveCfg = Debug|Any CPU
		{5BC119EB-69F3-45BE-A394-5AAD86D3D355}.Debug|Any CPU.Build.0 = Debug|Any CPU
		{5BC119EB-69F3-45BE-A394-5AAD86D3D355}.Release|Any CPU.ActiveCfg = Release|Any CPU
		{5BC119EB-69F3-45BE-A394-5AAD86D3D355}.Release|Any CPU.Build.0 = Release|Any CPU
	EndGlobalSection
	GlobalSection(SolutionProperties) = preSolution
		HideSolutionNode = FALSE
	EndGlobalSection
	GlobalSection(ExtensibilityGlobals) = postSolution
		SolutionGuid = {AD9C2B50-4B24-45F5-A73F-A1DF4FCF1AC8}
	EndGlobalSection
EndGlobal
