
Microsoft Visual Studio Solution File, Format Version 12.00
# Visual Studio 15
VisualStudioVersion = 15.0.27004.2002
MinimumVisualStudioVersion = 10.0.40219.1
Project("{FAE04EC0-301F-11D3-BF4B-00C04F79EFBC}") = "Azure-Table-Custom-State", "Custom-State-Sample\Azure-Table-Custom-State.csproj", "{B665E69D-98E2-47A7-AF4D-3EAA9D8E1439}"
EndProject
Project("{FAE04EC0-301F-11D3-BF4B-00C04F79EFBC}") = "Azure-DocumentDB-Custom-State", "Azure-Blob-Custom-State\Azure-DocumentDB-Custom-State.csproj", "{FD99C7C4-DA5C-4527-B65D-00B29487E66F}"
EndProject
Global
	GlobalSection(SolutionConfigurationPlatforms) = preSolution
		Debug|Any CPU = Debug|Any CPU
		Release|Any CPU = Release|Any CPU
	EndGlobalSection
	GlobalSection(ProjectConfigurationPlatforms) = postSolution
		{B665E69D-98E2-47A7-AF4D-3EAA9D8E1439}.Debug|Any CPU.ActiveCfg = Debug|Any CPU
		{B665E69D-98E2-47A7-AF4D-3EAA9D8E1439}.Debug|Any CPU.Build.0 = Debug|Any CPU
		{B665E69D-98E2-47A7-AF4D-3EAA9D8E1439}.Release|Any CPU.ActiveCfg = Release|Any CPU
		{B665E69D-98E2-47A7-AF4D-3EAA9D8E1439}.Release|Any CPU.Build.0 = Release|Any CPU
		{FD99C7C4-DA5C-4527-B65D-00B29487E66F}.Debug|Any CPU.ActiveCfg = Debug|Any CPU
		{FD99C7C4-DA5C-4527-B65D-00B29487E66F}.Debug|Any CPU.Build.0 = Debug|Any CPU
		{FD99C7C4-DA5C-4527-B65D-00B29487E66F}.Release|Any CPU.ActiveCfg = Release|Any CPU
		{FD99C7C4-DA5C-4527-B65D-00B29487E66F}.Release|Any CPU.Build.0 = Release|Any CPU
	EndGlobalSection
	GlobalSection(SolutionProperties) = preSolution
		HideSolutionNode = FALSE
	EndGlobalSection
	GlobalSection(ExtensibilityGlobals) = postSolution
		SolutionGuid = {9593BDCF-32D9-4BA4-9BFD-BF7E43B74DCF}
	EndGlobalSection
EndGlobal
