
Microsoft Visual Studio Solution File, Format Version 12.00
# Visual Studio 15
VisualStudioVersion = 15.0.27004.2002
MinimumVisualStudioVersion = 10.0.40219.1
Project("{FAE04EC0-301F-11D3-BF4B-00C04F79EFBC}") = "Luis-Scorable-Qna-Demo", "Luis-Scorable-Qna\Luis-Scorable-Qna-Demo.csproj", "{9CB693F7-95B3-4055-955D-BC75BC2D706B}"
EndProject
Global
	GlobalSection(SolutionConfigurationPlatforms) = preSolution
		Debug|Any CPU = Debug|Any CPU
		Release|Any CPU = Release|Any CPU
	EndGlobalSection
	GlobalSection(ProjectConfigurationPlatforms) = postSolution
		{9CB693F7-95B3-4055-955D-BC75BC2D706B}.Debug|Any CPU.ActiveCfg = Debug|Any CPU
		{9CB693F7-95B3-4055-955D-BC75BC2D706B}.Debug|Any CPU.Build.0 = Debug|Any CPU
		{9CB693F7-95B3-4055-955D-BC75BC2D706B}.Release|Any CPU.ActiveCfg = Release|Any CPU
		{9CB693F7-95B3-4055-955D-BC75BC2D706B}.Release|Any CPU.Build.0 = Release|Any CPU
	EndGlobalSection
	GlobalSection(SolutionProperties) = preSolution
		HideSolutionNode = FALSE
	EndGlobalSection
	GlobalSection(ExtensibilityGlobals) = postSolution
		SolutionGuid = {76AE3092-2BB0-4A8C-9E81-A15B8E9D662E}
	EndGlobalSection
EndGlobal
